
Microsoft Visual Studio Solution File, Format Version 12.00
# Visual Studio Version 17
VisualStudioVersion = 17.2.32519.379
MinimumVisualStudioVersion = 10.0.40219.1
Project("{FAE04EC0-301F-11D3-BF4B-00C04F79EFBC}") = "Assignment ASCII Art and Colors", "Assignment ASCII Art and Colors.csproj", "{05667E75-635A-4147-9BCA-14C5E2834187}"
EndProject
Global
	GlobalSection(SolutionConfigurationPlatforms) = preSolution
		Debug|Any CPU = Debug|Any CPU
		Release|Any CPU = Release|Any CPU
	EndGlobalSection
	GlobalSection(ProjectConfigurationPlatforms) = postSolution
		{05667E75-635A-4147-9BCA-14C5E2834187}.Debug|Any CPU.ActiveCfg = Debug|Any CPU
		{05667E75-635A-4147-9BCA-14C5E2834187}.Debug|Any CPU.Build.0 = Debug|Any CPU
		{05667E75-635A-4147-9BCA-14C5E2834187}.Release|Any CPU.ActiveCfg = Release|Any CPU
		{05667E75-635A-4147-9BCA-14C5E2834187}.Release|Any CPU.Build.0 = Release|Any CPU
	EndGlobalSection
	GlobalSection(SolutionProperties) = preSolution
		HideSolutionNode = FALSE
	EndGlobalSection
	GlobalSection(ExtensibilityGlobals) = postSolution
		SolutionGuid = {424FE6AC-7414-42D2-A19D-4D01B8CEAC23}
	EndGlobalSection
EndGlobal
